
Microsoft Visual Studio Solution File, Format Version 12.00
# Visual Studio Version 16
VisualStudioVersion = 16.0.29519.181
MinimumVisualStudioVersion = 10.0.40219.1
Project("{FAE04EC0-301F-11D3-BF4B-00C04F79EFBC}") = "Gestiondunzoo", "Gestiondunzoo\Gestiondunzoo.csproj", "{28703AFD-065E-4208-ABD8-B9B6240A135F}"
EndProject
Global
	GlobalSection(SolutionConfigurationPlatforms) = preSolution
		Debug|Any CPU = Debug|Any CPU
		Release|Any CPU = Release|Any CPU
	EndGlobalSection
	GlobalSection(ProjectConfigurationPlatforms) = postSolution
		{28703AFD-065E-4208-ABD8-B9B6240A135F}.Debug|Any CPU.ActiveCfg = Debug|Any CPU
		{28703AFD-065E-4208-ABD8-B9B6240A135F}.Debug|Any CPU.Build.0 = Debug|Any CPU
		{28703AFD-065E-4208-ABD8-B9B6240A135F}.Release|Any CPU.ActiveCfg = Release|Any CPU
		{28703AFD-065E-4208-ABD8-B9B6240A135F}.Release|Any CPU.Build.0 = Release|Any CPU
	EndGlobalSection
	GlobalSection(SolutionProperties) = preSolution
		HideSolutionNode = FALSE
	EndGlobalSection
	GlobalSection(ExtensibilityGlobals) = postSolution
		SolutionGuid = {E19ECA3E-CF9E-4AB0-B378-574B33305D89}
	EndGlobalSection
EndGlobal
